// !$*UTF8*$!
{
	archiveVersion = 1;
	classes = {
	};
	objectVersion = 46;
	objects = {

/* Begin PBXBuildFile section */
		B511887519422EF200FF8D13 /* EnemySpaceship.swift in Sources */ = {isa = PBXBuildFile; fileRef = B511887419422EF200FF8D13 /* EnemySpaceship.swift */; };
		B511887619422EF200FF8D13 /* EnemySpaceship.swift in Sources */ = {isa = PBXBuildFile; fileRef = B511887419422EF200FF8D13 /* EnemySpaceship.swift */; };
		B511887C1942527600FF8D13 /* background_gradient_ipad@2x.png in Resources */ = {isa = PBXBuildFile; fileRef = B511887A1942527600FF8D13 /* background_gradient_ipad@2x.png */; };
		B511887D1942527600FF8D13 /* background_gradient_ipad@2x.png in Resources */ = {isa = PBXBuildFile; fileRef = B511887A1942527600FF8D13 /* background_gradient_ipad@2x.png */; };
		B511887E1942527600FF8D13 /* background_gradient_ipad.png in Resources */ = {isa = PBXBuildFile; fileRef = B511887B1942527600FF8D13 /* background_gradient_ipad.png */; };
		B511887F1942527600FF8D13 /* background_gradient_ipad.png in Resources */ = {isa = PBXBuildFile; fileRef = B511887B1942527600FF8D13 /* background_gradient_ipad.png */; };
		B5118882194253C600FF8D13 /* player_spaceship@2x.png in Resources */ = {isa = PBXBuildFile; fileRef = B5118880194253C600FF8D13 /* player_spaceship@2x.png */; };
		B5118883194253C600FF8D13 /* player_spaceship@2x.png in Resources */ = {isa = PBXBuildFile; fileRef = B5118880194253C600FF8D13 /* player_spaceship@2x.png */; };
		B5118884194253C600FF8D13 /* player_spaceship.png in Resources */ = {isa = PBXBuildFile; fileRef = B5118881194253C600FF8D13 /* player_spaceship.png */; };
		B5118885194253C600FF8D13 /* player_spaceship.png in Resources */ = {isa = PBXBuildFile; fileRef = B5118881194253C600FF8D13 /* player_spaceship.png */; };
		B51188881942586A00FF8D13 /* enemy_spaceship@2x.png in Resources */ = {isa = PBXBuildFile; fileRef = B51188861942586A00FF8D13 /* enemy_spaceship@2x.png */; };
		B51188891942586A00FF8D13 /* enemy_spaceship@2x.png in Resources */ = {isa = PBXBuildFile; fileRef = B51188861942586A00FF8D13 /* enemy_spaceship@2x.png */; };
		B511888A1942586A00FF8D13 /* enemy_spaceship.png in Resources */ = {isa = PBXBuildFile; fileRef = B51188871942586A00FF8D13 /* enemy_spaceship.png */; };
		B511888B1942586A00FF8D13 /* enemy_spaceship.png in Resources */ = {isa = PBXBuildFile; fileRef = B51188871942586A00FF8D13 /* enemy_spaceship.png */; };
		B5175C4E1943A430005AECAA /* Joystick.swift in Sources */ = {isa = PBXBuildFile; fileRef = B5175C4D1943A430005AECAA /* Joystick.swift */; };
		B5175C4F1943A430005AECAA /* Joystick.swift in Sources */ = {isa = PBXBuildFile; fileRef = B5175C4D1943A430005AECAA /* Joystick.swift */; };
		B5175C511943B51F005AECAA /* Button.swift in Sources */ = {isa = PBXBuildFile; fileRef = B5175C501943B51F005AECAA /* Button.swift */; };
		B5175C521943B51F005AECAA /* Button.swift in Sources */ = {isa = PBXBuildFile; fileRef = B5175C501943B51F005AECAA /* Button.swift */; };
		B53E78DB194105BA000CB230 /* Constants.swift in Sources */ = {isa = PBXBuildFile; fileRef = B53E78DA194105BA000CB230 /* Constants.swift */; };
		B53E78DC194105BA000CB230 /* Constants.swift in Sources */ = {isa = PBXBuildFile; fileRef = B53E78DA194105BA000CB230 /* Constants.swift */; };
		B5972FE2197D23710061D79C /* player_missile.png in Resources */ = {isa = PBXBuildFile; fileRef = B5972FE0197D23710061D79C /* player_missile.png */; };
		B5972FE3197D23710061D79C /* player_missile@2x.png in Resources */ = {isa = PBXBuildFile; fileRef = B5972FE1197D23710061D79C /* player_missile@2x.png */; };
		B5972FE5197D3A150061D79C /* missile_launch.wav in Resources */ = {isa = PBXBuildFile; fileRef = B5972FE4197D3A150061D79C /* missile_launch.wav */; };
		B5972FEA197D3E130061D79C /* background_gradient_iphone.png in Resources */ = {isa = PBXBuildFile; fileRef = B5972FE8197D3E130061D79C /* background_gradient_iphone.png */; };
		B5972FEB197D3E130061D79C /* background_gradient_iphone@2x.png in Resources */ = {isa = PBXBuildFile; fileRef = B5972FE9197D3E130061D79C /* background_gradient_iphone@2x.png */; };
		B5AA604C193FB48F00EB9920 /* AppDelegate.swift in Sources */ = {isa = PBXBuildFile; fileRef = B5AA604B193FB48F00EB9920 /* AppDelegate.swift */; };
		B5AA6050193FB48F00EB9920 /* GameScene.swift in Sources */ = {isa = PBXBuildFile; fileRef = B5AA604F193FB48F00EB9920 /* GameScene.swift */; };
		B5AA6052193FB48F00EB9920 /* GameViewController.swift in Sources */ = {isa = PBXBuildFile; fileRef = B5AA6051193FB48F00EB9920 /* GameViewController.swift */; };
		B5AA6055193FB48F00EB9920 /* Main.storyboard in Resources */ = {isa = PBXBuildFile; fileRef = B5AA6053193FB48F00EB9920 /* Main.storyboard */; };
		B5AA6057193FB48F00EB9920 /* Images.xcassets in Resources */ = {isa = PBXBuildFile; fileRef = B5AA6056193FB48F00EB9920 /* Images.xcassets */; };
		B5AA6063193FB48F00EB9920 /* SpacequestTests.swift in Sources */ = {isa = PBXBuildFile; fileRef = B5AA6062193FB48F00EB9920 /* SpacequestTests.swift */; };
		B5AA606E193FB82300EB9920 /* BackgroundNode.swift in Sources */ = {isa = PBXBuildFile; fileRef = B5AA606D193FB82300EB9920 /* BackgroundNode.swift */; };
		B5AA606F193FB82300EB9920 /* BackgroundNode.swift in Sources */ = {isa = PBXBuildFile; fileRef = B5AA606D193FB82300EB9920 /* BackgroundNode.swift */; };
		B5AA6072193FB9F200EB9920 /* Spaceship.swift in Sources */ = {isa = PBXBuildFile; fileRef = B5AA6071193FB9F200EB9920 /* Spaceship.swift */; };
		B5AA6073193FB9F200EB9920 /* Spaceship.swift in Sources */ = {isa = PBXBuildFile; fileRef = B5AA6071193FB9F200EB9920 /* Spaceship.swift */; };
		B5AA6076193FBA1400EB9920 /* PlayerSpaceship.swift in Sources */ = {isa = PBXBuildFile; fileRef = B5AA6075193FBA1400EB9920 /* PlayerSpaceship.swift */; };
		B5AA6077193FBA1400EB9920 /* PlayerSpaceship.swift in Sources */ = {isa = PBXBuildFile; fileRef = B5AA6075193FBA1400EB9920 /* PlayerSpaceship.swift */; };
		B5AA607A193FC34300EB9920 /* HealthProtocol.swift in Sources */ = {isa = PBXBuildFile; fileRef = B5AA6079193FC34300EB9920 /* HealthProtocol.swift */; };
		B5AA607B193FC34300EB9920 /* HealthProtocol.swift in Sources */ = {isa = PBXBuildFile; fileRef = B5AA6079193FC34300EB9920 /* HealthProtocol.swift */; };
		B5AA607E193FCA8D00EB9920 /* Missile.swift in Sources */ = {isa = PBXBuildFile; fileRef = B5AA607D193FCA8D00EB9920 /* Missile.swift */; };
		B5AA607F193FCA8D00EB9920 /* Missile.swift in Sources */ = {isa = PBXBuildFile; fileRef = B5AA607D193FCA8D00EB9920 /* Missile.swift */; };
		B5AD30881979779A009769CB /* fire_button_normal@2x.png in Resources */ = {isa = PBXBuildFile; fileRef = B5AD30861979779A009769CB /* fire_button_normal@2x.png */; };
		B5AD30891979779A009769CB /* fire_button_normal.png in Resources */ = {isa = PBXBuildFile; fileRef = B5AD30871979779A009769CB /* fire_button_normal.png */; };
		B5AD308C19797806009769CB /* fire_button_selected@2x.png in Resources */ = {isa = PBXBuildFile; fileRef = B5AD308A19797806009769CB /* fire_button_selected@2x.png */; };
		B5AD308D19797806009769CB /* fire_button_selected.png in Resources */ = {isa = PBXBuildFile; fileRef = B5AD308B19797806009769CB /* fire_button_selected.png */; };
		B5CD264D1979438A00A98A95 /* LifeIndicator.swift in Sources */ = {isa = PBXBuildFile; fileRef = B5CD264C1979438A00A98A95 /* LifeIndicator.swift */; };
		B5D80FEE19794FB800859CC0 /* joystick_stick@2x.png in Resources */ = {isa = PBXBuildFile; fileRef = B5D80FEA19794FB800859CC0 /* joystick_stick@2x.png */; };
		B5D80FEF19794FB800859CC0 /* joystick_base.png in Resources */ = {isa = PBXBuildFile; fileRef = B5D80FEB19794FB800859CC0 /* joystick_base.png */; };
		B5D80FF019794FB800859CC0 /* joystick_base@2x.png in Resources */ = {isa = PBXBuildFile; fileRef = B5D80FEC19794FB800859CC0 /* joystick_base@2x.png */; };
		B5D80FF119794FB800859CC0 /* joystick_stick.png in Resources */ = {isa = PBXBuildFile; fileRef = B5D80FED19794FB800859CC0 /* joystick_stick.png */; };
/* End PBXBuildFile section */

/* Begin PBXContainerItemProxy section */
		B5AA605D193FB48F00EB9920 /* PBXContainerItemProxy */ = {
			isa = PBXContainerItemProxy;
			containerPortal = B5AA603E193FB48E00EB9920 /* Project object */;
			proxyType = 1;
			remoteGlobalIDString = B5AA6045193FB48E00EB9920;
			remoteInfo = Spacequest;
		};
/* End PBXContainerItemProxy section */

/* Begin PBXFileReference section */
		B511887419422EF200FF8D13 /* EnemySpaceship.swift */ = {isa = PBXFileReference; fileEncoding = 4; lastKnownFileType = sourcecode.swift; path = EnemySpaceship.swift; sourceTree = "<group>"; };
		B511887A1942527600FF8D13 /* background_gradient_ipad@2x.png */ = {isa = PBXFileReference; lastKnownFileType = image.png; path = "background_gradient_ipad@2x.png"; sourceTree = "<group>"; };
		B511887B1942527600FF8D13 /* background_gradient_ipad.png */ = {isa = PBXFileReference; lastKnownFileType = image.png; path = background_gradient_ipad.png; sourceTree = "<group>"; };
		B5118880194253C600FF8D13 /* player_spaceship@2x.png */ = {isa = PBXFileReference; lastKnownFileType = image.png; path = "player_spaceship@2x.png"; sourceTree = "<group>"; };
		B5118881194253C600FF8D13 /* player_spaceship.png */ = {isa = PBXFileReference; lastKnownFileType = image.png; path = player_spaceship.png; sourceTree = "<group>"; };
		B51188861942586A00FF8D13 /* enemy_spaceship@2x.png */ = {isa = PBXFileReference; lastKnownFileType = image.png; path = "enemy_spaceship@2x.png"; sourceTree = "<group>"; };
		B51188871942586A00FF8D13 /* enemy_spaceship.png */ = {isa = PBXFileReference; lastKnownFileType = image.png; path = enemy_spaceship.png; sourceTree = "<group>"; };
		B5175C4D1943A430005AECAA /* Joystick.swift */ = {isa = PBXFileReference; fileEncoding = 4; lastKnownFileType = sourcecode.swift; path = Joystick.swift; sourceTree = "<group>"; };
		B5175C501943B51F005AECAA /* Button.swift */ = {isa = PBXFileReference; fileEncoding = 4; lastKnownFileType = sourcecode.swift; path = Button.swift; sourceTree = "<group>"; };
		B53E78DA194105BA000CB230 /* Constants.swift */ = {isa = PBXFileReference; fileEncoding = 4; lastKnownFileType = sourcecode.swift; path = Constants.swift; sourceTree = "<group>"; };
		B5972FE0197D23710061D79C /* player_missile.png */ = {isa = PBXFileReference; lastKnownFileType = image.png; path = player_missile.png; sourceTree = "<group>"; };
		B5972FE1197D23710061D79C /* player_missile@2x.png */ = {isa = PBXFileReference; lastKnownFileType = image.png; path = "player_missile@2x.png"; sourceTree = "<group>"; };
		B5972FE4197D3A150061D79C /* missile_launch.wav */ = {isa = PBXFileReference; lastKnownFileType = audio.wav; path = missile_launch.wav; sourceTree = "<group>"; };
		B5972FE8197D3E130061D79C /* background_gradient_iphone.png */ = {isa = PBXFileReference; lastKnownFileType = image.png; path = background_gradient_iphone.png; sourceTree = "<group>"; };
		B5972FE9197D3E130061D79C /* background_gradient_iphone@2x.png */ = {isa = PBXFileReference; lastKnownFileType = image.png; path = "background_gradient_iphone@2x.png"; sourceTree = "<group>"; };
		B5AA6046193FB48F00EB9920 /* Spacequest.app */ = {isa = PBXFileReference; explicitFileType = wrapper.application; includeInIndex = 0; path = Spacequest.app; sourceTree = BUILT_PRODUCTS_DIR; };
		B5AA604A193FB48F00EB9920 /* Info.plist */ = {isa = PBXFileReference; lastKnownFileType = text.plist.xml; path = Info.plist; sourceTree = "<group>"; };
		B5AA604B193FB48F00EB9920 /* AppDelegate.swift */ = {isa = PBXFileReference; lastKnownFileType = sourcecode.swift; path = AppDelegate.swift; sourceTree = "<group>"; };
		B5AA604F193FB48F00EB9920 /* GameScene.swift */ = {isa = PBXFileReference; lastKnownFileType = sourcecode.swift; path = GameScene.swift; sourceTree = "<group>"; };
		B5AA6051193FB48F00EB9920 /* GameViewController.swift */ = {isa = PBXFileReference; lastKnownFileType = sourcecode.swift; path = GameViewController.swift; sourceTree = "<group>"; };
		B5AA6054193FB48F00EB9920 /* Base */ = {isa = PBXFileReference; lastKnownFileType = file.storyboard; name = Base; path = Base.lproj/Main.storyboard; sourceTree = "<group>"; };
		B5AA6056193FB48F00EB9920 /* Images.xcassets */ = {isa = PBXFileReference; lastKnownFileType = folder.assetcatalog; path = Images.xcassets; sourceTree = "<group>"; };
		B5AA605C193FB48F00EB9920 /* SpacequestTests.xctest */ = {isa = PBXFileReference; explicitFileType = wrapper.cfbundle; includeInIndex = 0; path = SpacequestTests.xctest; sourceTree = BUILT_PRODUCTS_DIR; };
		B5AA6061193FB48F00EB9920 /* Info.plist */ = {isa = PBXFileReference; lastKnownFileType = text.plist.xml; path = Info.plist; sourceTree = "<group>"; };
		B5AA6062193FB48F00EB9920 /* SpacequestTests.swift */ = {isa = PBXFileReference; lastKnownFileType = sourcecode.swift; path = SpacequestTests.swift; sourceTree = "<group>"; };
		B5AA606D193FB82300EB9920 /* BackgroundNode.swift */ = {isa = PBXFileReference; fileEncoding = 4; lastKnownFileType = sourcecode.swift; path = BackgroundNode.swift; sourceTree = "<group>"; };
		B5AA6071193FB9F200EB9920 /* Spaceship.swift */ = {isa = PBXFileReference; fileEncoding = 4; lastKnownFileType = sourcecode.swift; path = Spaceship.swift; sourceTree = "<group>"; };
		B5AA6075193FBA1400EB9920 /* PlayerSpaceship.swift */ = {isa = PBXFileReference; fileEncoding = 4; lastKnownFileType = sourcecode.swift; path = PlayerSpaceship.swift; sourceTree = "<group>"; };
		B5AA6079193FC34300EB9920 /* HealthProtocol.swift */ = {isa = PBXFileReference; fileEncoding = 4; lastKnownFileType = sourcecode.swift; path = HealthProtocol.swift; sourceTree = "<group>"; };
		B5AA607D193FCA8D00EB9920 /* Missile.swift */ = {isa = PBXFileReference; fileEncoding = 4; lastKnownFileType = sourcecode.swift; path = Missile.swift; sourceTree = "<group>"; };
		B5AD30861979779A009769CB /* fire_button_normal@2x.png */ = {isa = PBXFileReference; lastKnownFileType = image.png; path = "fire_button_normal@2x.png"; sourceTree = "<group>"; };
		B5AD30871979779A009769CB /* fire_button_normal.png */ = {isa = PBXFileReference; lastKnownFileType = image.png; path = fire_button_normal.png; sourceTree = "<group>"; };
		B5AD308A19797806009769CB /* fire_button_selected@2x.png */ = {isa = PBXFileReference; lastKnownFileType = image.png; path = "fire_button_selected@2x.png"; sourceTree = "<group>"; };
		B5AD308B19797806009769CB /* fire_button_selected.png */ = {isa = PBXFileReference; lastKnownFileType = image.png; path = fire_button_selected.png; sourceTree = "<group>"; };
		B5CD264C1979438A00A98A95 /* LifeIndicator.swift */ = {isa = PBXFileReference; fileEncoding = 4; lastKnownFileType = sourcecode.swift; path = LifeIndicator.swift; sourceTree = "<group>"; };
		B5D80FEA19794FB800859CC0 /* joystick_stick@2x.png */ = {isa = PBXFileReference; lastKnownFileType = image.png; path = "joystick_stick@2x.png"; sourceTree = "<group>"; };
		B5D80FEB19794FB800859CC0 /* joystick_base.png */ = {isa = PBXFileReference; lastKnownFileType = image.png; path = joystick_base.png; sourceTree = "<group>"; };
		B5D80FEC19794FB800859CC0 /* joystick_base@2x.png */ = {isa = PBXFileReference; lastKnownFileType = image.png; path = "joystick_base@2x.png"; sourceTree = "<group>"; };
		B5D80FED19794FB800859CC0 /* joystick_stick.png */ = {isa = PBXFileReference; lastKnownFileType = image.png; path = joystick_stick.png; sourceTree = "<group>"; };
/* End PBXFileReference section */

/* Begin PBXFrameworksBuildPhase section */
		B5AA6043193FB48E00EB9920 /* Frameworks */ = {
			isa = PBXFrameworksBuildPhase;
			buildActionMask = 2147483647;
			files = (
			);
			runOnlyForDeploymentPostprocessing = 0;
		};
		B5AA6059193FB48F00EB9920 /* Frameworks */ = {
			isa = PBXFrameworksBuildPhase;
			buildActionMask = 2147483647;
			files = (
			);
			runOnlyForDeploymentPostprocessing = 0;
		};
/* End PBXFrameworksBuildPhase section */

/* Begin PBXGroup section */
		B51188771942368F00FF8D13 /* Background */ = {
			isa = PBXGroup;
			children = (
				B5AA606D193FB82300EB9920 /* BackgroundNode.swift */,
			);
			name = Background;
			sourceTree = "<group>";
		};
		B5118878194247E400FF8D13 /* Scenes */ = {
			isa = PBXGroup;
			children = (
				B5AA604F193FB48F00EB9920 /* GameScene.swift */,
			);
			name = Scenes;
			sourceTree = "<group>";
		};
		B5118879194247EB00FF8D13 /* View Controllers */ = {
			isa = PBXGroup;
			children = (
				B5AA6051193FB48F00EB9920 /* GameViewController.swift */,
			);
			name = "View Controllers";
			sourceTree = "<group>";
		};
		B5175C4B1943A405005AECAA /* HUD */ = {
			isa = PBXGroup;
			children = (
				B5CD264B1979435900A98A95 /* Life Indicator */,
				B5CD264A1979435000A98A95 /* Button */,
				B5175C4C1943A410005AECAA /* Joystick */,
			);
			name = HUD;
			sourceTree = "<group>";
		};
		B5175C4C1943A410005AECAA /* Joystick */ = {
			isa = PBXGroup;
			children = (
				B5175C4D1943A430005AECAA /* Joystick.swift */,
			);
			name = Joystick;
			sourceTree = "<group>";
		};
		B53E78D91941059A000CB230 /* Helpers */ = {
			isa = PBXGroup;
			children = (
				B53E78DA194105BA000CB230 /* Constants.swift */,
			);
			name = Helpers;
			sourceTree = "<group>";
		};
		B5972FE6197D3A170061D79C /* Images */ = {
			isa = PBXGroup;
			children = (
				B5972FE0197D23710061D79C /* player_missile.png */,
				B5972FE1197D23710061D79C /* player_missile@2x.png */,
				B5AD308A19797806009769CB /* fire_button_selected@2x.png */,
				B5AD308B19797806009769CB /* fire_button_selected.png */,
				B5AD30861979779A009769CB /* fire_button_normal@2x.png */,
				B5AD30871979779A009769CB /* fire_button_normal.png */,
				B5D80FED19794FB800859CC0 /* joystick_stick.png */,
				B5D80FEA19794FB800859CC0 /* joystick_stick@2x.png */,
				B5D80FEB19794FB800859CC0 /* joystick_base.png */,
				B5D80FEC19794FB800859CC0 /* joystick_base@2x.png */,
				B51188861942586A00FF8D13 /* enemy_spaceship@2x.png */,
				B51188871942586A00FF8D13 /* enemy_spaceship.png */,
				B5118881194253C600FF8D13 /* player_spaceship.png */,
				B5118880194253C600FF8D13 /* player_spaceship@2x.png */,
				B511887B1942527600FF8D13 /* background_gradient_ipad.png */,
				B511887A1942527600FF8D13 /* background_gradient_ipad@2x.png */,
				B5972FE8197D3E130061D79C /* background_gradient_iphone.png */,
				B5972FE9197D3E130061D79C /* background_gradient_iphone@2x.png */,
				B5AA6056193FB48F00EB9920 /* Images.xcassets */,
			);
			name = Images;
			sourceTree = "<group>";
		};
		B5972FE7197D3A210061D79C /* Sounds */ = {
			isa = PBXGroup;
			children = (
				B5972FE4197D3A150061D79C /* missile_launch.wav */,
			);
			name = Sounds;
			sourceTree = "<group>";
		};
		B5AA603D193FB48E00EB9920 = {
			isa = PBXGroup;
			children = (
				B5AA6048193FB48F00EB9920 /* Spacequest */,
				B5AA605F193FB48F00EB9920 /* SpacequestTests */,
				B5AA6047193FB48F00EB9920 /* Products */,
			);
			sourceTree = "<group>";
		};
		B5AA6047193FB48F00EB9920 /* Products */ = {
			isa = PBXGroup;
			children = (
				B5AA6046193FB48F00EB9920 /* Spacequest.app */,
				B5AA605C193FB48F00EB9920 /* SpacequestTests.xctest */,
			);
			name = Products;
			sourceTree = "<group>";
		};
		B5AA6048193FB48F00EB9920 /* Spacequest */ = {
			isa = PBXGroup;
			children = (
				B5118879194247EB00FF8D13 /* View Controllers */,
				B5118878194247E400FF8D13 /* Scenes */,
				B53E78D91941059A000CB230 /* Helpers */,
				B5AA6078193FC31700EB9920 /* Protocols */,
				B5AA6070193FB87B00EB9920 /* Resources */,
				B5AA606C193FB51600EB9920 /* Nodes */,
				B5AA604B193FB48F00EB9920 /* AppDelegate.swift */,
				B5AA6053193FB48F00EB9920 /* Main.storyboard */,
				B5AA6049193FB48F00EB9920 /* Supporting Files */,
			);
			path = Spacequest;
			sourceTree = "<group>";
		};
		B5AA6049193FB48F00EB9920 /* Supporting Files */ = {
			isa = PBXGroup;
			children = (
				B5AA604A193FB48F00EB9920 /* Info.plist */,
			);
			name = "Supporting Files";
			sourceTree = "<group>";
		};
		B5AA605F193FB48F00EB9920 /* SpacequestTests */ = {
			isa = PBXGroup;
			children = (
				B5AA6062193FB48F00EB9920 /* SpacequestTests.swift */,
				B5AA6060193FB48F00EB9920 /* Supporting Files */,
			);
			path = SpacequestTests;
			sourceTree = "<group>";
		};
		B5AA6060193FB48F00EB9920 /* Supporting Files */ = {
			isa = PBXGroup;
			children = (
				B5AA6061193FB48F00EB9920 /* Info.plist */,
			);
			name = "Supporting Files";
			sourceTree = "<group>";
		};
		B5AA606C193FB51600EB9920 /* Nodes */ = {
			isa = PBXGroup;
			children = (
				B5175C4B1943A405005AECAA /* HUD */,
				B51188771942368F00FF8D13 /* Background */,
				B5AA607C193FCA7500EB9920 /* Missiles */,
				B5AA6074193FB9FA00EB9920 /* Spaceships */,
			);
			name = Nodes;
			sourceTree = "<group>";
		};
		B5AA6070193FB87B00EB9920 /* Resources */ = {
			isa = PBXGroup;
			children = (
				B5972FE7197D3A210061D79C /* Sounds */,
				B5972FE6197D3A170061D79C /* Images */,
			);
			name = Resources;
			sourceTree = "<group>";
		};
		B5AA6074193FB9FA00EB9920 /* Spaceships */ = {
			isa = PBXGroup;
			children = (
				B5AA6071193FB9F200EB9920 /* Spaceship.swift */,
				B5AA6075193FBA1400EB9920 /* PlayerSpaceship.swift */,
				B511887419422EF200FF8D13 /* EnemySpaceship.swift */,
			);
			name = Spaceships;
			sourceTree = "<group>";
		};
		B5AA6078193FC31700EB9920 /* Protocols */ = {
			isa = PBXGroup;
			children = (
				B5AA6079193FC34300EB9920 /* HealthProtocol.swift */,
			);
			name = Protocols;
			sourceTree = "<group>";
		};
		B5AA607C193FCA7500EB9920 /* Missiles */ = {
			isa = PBXGroup;
			children = (
				B5AA607D193FCA8D00EB9920 /* Missile.swift */,
			);
			name = Missiles;
			sourceTree = "<group>";
		};
		B5CD264A1979435000A98A95 /* Button */ = {
			isa = PBXGroup;
			children = (
				B5175C501943B51F005AECAA /* Button.swift */,
			);
			name = Button;
			sourceTree = "<group>";
		};
		B5CD264B1979435900A98A95 /* Life Indicator */ = {
			isa = PBXGroup;
			children = (
				B5CD264C1979438A00A98A95 /* LifeIndicator.swift */,
			);
			name = "Life Indicator";
			sourceTree = "<group>";
		};
/* End PBXGroup section */

/* Begin PBXNativeTarget section */
		B5AA6045193FB48E00EB9920 /* Spacequest */ = {
			isa = PBXNativeTarget;
			buildConfigurationList = B5AA6066193FB48F00EB9920 /* Build configuration list for PBXNativeTarget "Spacequest" */;
			buildPhases = (
				B5AA6042193FB48E00EB9920 /* Sources */,
				B5AA6043193FB48E00EB9920 /* Frameworks */,
				B5AA6044193FB48E00EB9920 /* Resources */,
			);
			buildRules = (
			);
			dependencies = (
			);
			name = Spacequest;
			productName = Spacequest;
			productReference = B5AA6046193FB48F00EB9920 /* Spacequest.app */;
			productType = "com.apple.product-type.application";
		};
		B5AA605B193FB48F00EB9920 /* SpacequestTests */ = {
			isa = PBXNativeTarget;
			buildConfigurationList = B5AA6069193FB48F00EB9920 /* Build configuration list for PBXNativeTarget "SpacequestTests" */;
			buildPhases = (
				B5AA6058193FB48F00EB9920 /* Sources */,
				B5AA6059193FB48F00EB9920 /* Frameworks */,
				B5AA605A193FB48F00EB9920 /* Resources */,
			);
			buildRules = (
			);
			dependencies = (
				B5AA605E193FB48F00EB9920 /* PBXTargetDependency */,
			);
			name = SpacequestTests;
			productName = SpacequestTests;
			productReference = B5AA605C193FB48F00EB9920 /* SpacequestTests.xctest */;
			productType = "com.apple.product-type.bundle.unit-test";
		};
/* End PBXNativeTarget section */

/* Begin PBXProject section */
		B5AA603E193FB48E00EB9920 /* Project object */ = {
			isa = PBXProject;
			attributes = {
				LastUpgradeCheck = 0600;
				ORGANIZATIONNAME = "Rafal Sroka";
				TargetAttributes = {
					B5AA6045193FB48E00EB9920 = {
						CreatedOnToolsVersion = 6.0;
					};
					B5AA605B193FB48F00EB9920 = {
						CreatedOnToolsVersion = 6.0;
						TestTargetID = B5AA6045193FB48E00EB9920;
					};
				};
			};
			buildConfigurationList = B5AA6041193FB48E00EB9920 /* Build configuration list for PBXProject "Spacequest" */;
			compatibilityVersion = "Xcode 3.2";
			developmentRegion = English;
			hasScannedForEncodings = 0;
			knownRegions = (
				en,
				Base,
			);
			mainGroup = B5AA603D193FB48E00EB9920;
			productRefGroup = B5AA6047193FB48F00EB9920 /* Products */;
			projectDirPath = "";
			projectRoot = "";
			targets = (
				B5AA6045193FB48E00EB9920 /* Spacequest */,
				B5AA605B193FB48F00EB9920 /* SpacequestTests */,
			);
		};
/* End PBXProject section */

/* Begin PBXResourcesBuildPhase section */
		B5AA6044193FB48E00EB9920 /* Resources */ = {
			isa = PBXResourcesBuildPhase;
			buildActionMask = 2147483647;
			files = (
				B511887C1942527600FF8D13 /* background_gradient_ipad@2x.png in Resources */,
				B51188881942586A00FF8D13 /* enemy_spaceship@2x.png in Resources */,
				B5972FE3197D23710061D79C /* player_missile@2x.png in Resources */,
				B5118882194253C600FF8D13 /* player_spaceship@2x.png in Resources */,
				B5972FEA197D3E130061D79C /* background_gradient_iphone.png in Resources */,
				B511888A1942586A00FF8D13 /* enemy_spaceship.png in Resources */,
				B5AD308D19797806009769CB /* fire_button_selected.png in Resources */,
				B5AA6057193FB48F00EB9920 /* Images.xcassets in Resources */,
				B5AA6055193FB48F00EB9920 /* Main.storyboard in Resources */,
				B5D80FEE19794FB800859CC0 /* joystick_stick@2x.png in Resources */,
				B511887E1942527600FF8D13 /* background_gradient_ipad.png in Resources */,
				B5AD30891979779A009769CB /* fire_button_normal.png in Resources */,
				B5972FEB197D3E130061D79C /* background_gradient_iphone@2x.png in Resources */,
				B5972FE2197D23710061D79C /* player_missile.png in Resources */,
				B5AD30881979779A009769CB /* fire_button_normal@2x.png in Resources */,
				B5972FE5197D3A150061D79C /* missile_launch.wav in Resources */,
				B5D80FF019794FB800859CC0 /* joystick_base@2x.png in Resources */,
				B5D80FEF19794FB800859CC0 /* joystick_base.png in Resources */,
				B5D80FF119794FB800859CC0 /* joystick_stick.png in Resources */,
				B5118884194253C600FF8D13 /* player_spaceship.png in Resources */,
				B5AD308C19797806009769CB /* fire_button_selected@2x.png in Resources */,
			);
			runOnlyForDeploymentPostprocessing = 0;
		};
		B5AA605A193FB48F00EB9920 /* Resources */ = {
			isa = PBXResourcesBuildPhase;
			buildActionMask = 2147483647;
			files = (
				B511887D1942527600FF8D13 /* background_gradient_ipad@2x.png in Resources */,
				B51188891942586A00FF8D13 /* enemy_spaceship@2x.png in Resources */,
				B511887F1942527600FF8D13 /* background_gradient_ipad.png in Resources */,
				B5118883194253C600FF8D13 /* player_spaceship@2x.png in Resources */,
				B5118885194253C600FF8D13 /* player_spaceship.png in Resources */,
				B511888B1942586A00FF8D13 /* enemy_spaceship.png in Resources */,
			);
			runOnlyForDeploymentPostprocessing = 0;
		};
/* End PBXResourcesBuildPhase section */

/* Begin PBXSourcesBuildPhase section */
		B5AA6042193FB48E00EB9920 /* Sources */ = {
			isa = PBXSourcesBuildPhase;
			buildActionMask = 2147483647;
			files = (
				B5AA6050193FB48F00EB9920 /* GameScene.swift in Sources */,
				B5AA606E193FB82300EB9920 /* BackgroundNode.swift in Sources */,
				B5AA6052193FB48F00EB9920 /* GameViewController.swift in Sources */,
				B5AA6076193FBA1400EB9920 /* PlayerSpaceship.swift in Sources */,
				B5AA604C193FB48F00EB9920 /* AppDelegate.swift in Sources */,
				B5AA607A193FC34300EB9920 /* HealthProtocol.swift in Sources */,
				B5175C4E1943A430005AECAA /* Joystick.swift in Sources */,
				B5175C511943B51F005AECAA /* Button.swift in Sources */,
				B5AA607E193FCA8D00EB9920 /* Missile.swift in Sources */,
				B511887519422EF200FF8D13 /* EnemySpaceship.swift in Sources */,
				B5CD264D1979438A00A98A95 /* LifeIndicator.swift in Sources */,
				B5AA6072193FB9F200EB9920 /* Spaceship.swift in Sources */,
				B53E78DB194105BA000CB230 /* Constants.swift in Sources */,
			);
			runOnlyForDeploymentPostprocessing = 0;
		};
		B5AA6058193FB48F00EB9920 /* Sources */ = {
			isa = PBXSourcesBuildPhase;
			buildActionMask = 2147483647;
			files = (
				B5175C4F1943A430005AECAA /* Joystick.swift in Sources */,
				B5AA6073193FB9F200EB9920 /* Spaceship.swift in Sources */,
				B5AA607B193FC34300EB9920 /* HealthProtocol.swift in Sources */,
				B53E78DC194105BA000CB230 /* Constants.swift in Sources */,
				B5AA6077193FBA1400EB9920 /* PlayerSpaceship.swift in Sources */,
				B5175C521943B51F005AECAA /* Button.swift in Sources */,
				B5AA6063193FB48F00EB9920 /* SpacequestTests.swift in Sources */,
				B511887619422EF200FF8D13 /* EnemySpaceship.swift in Sources */,
				B5AA607F193FCA8D00EB9920 /* Missile.swift in Sources */,
				B5AA606F193FB82300EB9920 /* BackgroundNode.swift in Sources */,
			);
			runOnlyForDeploymentPostprocessing = 0;
		};
/* End PBXSourcesBuildPhase section */

/* Begin PBXTargetDependency section */
		B5AA605E193FB48F00EB9920 /* PBXTargetDependency */ = {
			isa = PBXTargetDependency;
			target = B5AA6045193FB48E00EB9920 /* Spacequest */;
			targetProxy = B5AA605D193FB48F00EB9920 /* PBXContainerItemProxy */;
		};
/* End PBXTargetDependency section */

/* Begin PBXVariantGroup section */
		B5AA6053193FB48F00EB9920 /* Main.storyboard */ = {
			isa = PBXVariantGroup;
			children = (
				B5AA6054193FB48F00EB9920 /* Base */,
			);
			name = Main.storyboard;
			sourceTree = "<group>";
		};
/* End PBXVariantGroup section */

/* Begin XCBuildConfiguration section */
		B5AA6064193FB48F00EB9920 /* Debug */ = {
			isa = XCBuildConfiguration;
			buildSettings = {
				ALWAYS_SEARCH_USER_PATHS = NO;
				CLANG_CXX_LANGUAGE_STANDARD = "gnu++0x";
				CLANG_CXX_LIBRARY = "libc++";
				CLANG_ENABLE_MODULES = YES;
				CLANG_ENABLE_OBJC_ARC = YES;
				CLANG_WARN_BOOL_CONVERSION = YES;
				CLANG_WARN_CONSTANT_CONVERSION = YES;
				CLANG_WARN_DIRECT_OBJC_ISA_USAGE = YES_ERROR;
				CLANG_WARN_EMPTY_BODY = YES;
				CLANG_WARN_ENUM_CONVERSION = YES;
				CLANG_WARN_INT_CONVERSION = YES;
				CLANG_WARN_OBJC_ROOT_CLASS = YES_ERROR;
				CLANG_WARN_UNREACHABLE_CODE = YES;
				CLANG_WARN__DUPLICATE_METHOD_MATCH = YES;
				"CODE_SIGN_IDENTITY[sdk=iphoneos*]" = "iPhone Developer";
				COPY_PHASE_STRIP = NO;
				ENABLE_STRICT_OBJC_MSGSEND = YES;
				GCC_C_LANGUAGE_STANDARD = gnu99;
				GCC_DYNAMIC_NO_PIC = NO;
				GCC_OPTIMIZATION_LEVEL = 0;
				GCC_PREPROCESSOR_DEFINITIONS = (
					"DEBUG=1",
					"$(inherited)",
				);
				GCC_SYMBOLS_PRIVATE_EXTERN = NO;
				GCC_WARN_64_TO_32_BIT_CONVERSION = YES;
				GCC_WARN_ABOUT_RETURN_TYPE = YES_ERROR;
				GCC_WARN_UNDECLARED_SELECTOR = YES;
				GCC_WARN_UNINITIALIZED_AUTOS = YES_AGGRESSIVE;
				GCC_WARN_UNUSED_FUNCTION = YES;
				GCC_WARN_UNUSED_VARIABLE = YES;
				IPHONEOS_DEPLOYMENT_TARGET = 8.0;
				METAL_ENABLE_DEBUG_INFO = YES;
				ONLY_ACTIVE_ARCH = YES;
				SDKROOT = iphoneos;
				SWIFT_OPTIMIZATION_LEVEL = "-Onone";
				TARGETED_DEVICE_FAMILY = "1,2";
			};
			name = Debug;
		};
		B5AA6065193FB48F00EB9920 /* Release */ = {
			isa = XCBuildConfiguration;
			buildSettings = {
				ALWAYS_SEARCH_USER_PATHS = NO;
				CLANG_CXX_LANGUAGE_STANDARD = "gnu++0x";
				CLANG_CXX_LIBRARY = "libc++";
				CLANG_ENABLE_MODULES = YES;
				CLANG_ENABLE_OBJC_ARC = YES;
				CLANG_WARN_BOOL_CONVERSION = YES;
				CLANG_WARN_CONSTANT_CONVERSION = YES;
				CLANG_WARN_DIRECT_OBJC_ISA_USAGE = YES_ERROR;
				CLANG_WARN_EMPTY_BODY = YES;
				CLANG_WARN_ENUM_CONVERSION = YES;
				CLANG_WARN_INT_CONVERSION = YES;
				CLANG_WARN_OBJC_ROOT_CLASS = YES_ERROR;
				CLANG_WARN_UNREACHABLE_CODE = YES;
				CLANG_WARN__DUPLICATE_METHOD_MATCH = YES;
				"CODE_SIGN_IDENTITY[sdk=iphoneos*]" = "iPhone Developer";
				COPY_PHASE_STRIP = YES;
				ENABLE_NS_ASSERTIONS = NO;
				ENABLE_STRICT_OBJC_MSGSEND = YES;
				GCC_C_LANGUAGE_STANDARD = gnu99;
				GCC_WARN_64_TO_32_BIT_CONVERSION = YES;
				GCC_WARN_ABOUT_RETURN_TYPE = YES_ERROR;
				GCC_WARN_UNDECLARED_SELECTOR = YES;
				GCC_WARN_UNINITIALIZED_AUTOS = YES_AGGRESSIVE;
				GCC_WARN_UNUSED_FUNCTION = YES;
				GCC_WARN_UNUSED_VARIABLE = YES;
				IPHONEOS_DEPLOYMENT_TARGET = 8.0;
				METAL_ENABLE_DEBUG_INFO = NO;
				SDKROOT = iphoneos;
				TARGETED_DEVICE_FAMILY = "1,2";
				VALIDATE_PRODUCT = YES;
			};
			name = Release;
		};
		B5AA6067193FB48F00EB9920 /* Debug */ = {
			isa = XCBuildConfiguration;
			buildSettings = {
				ASSETCATALOG_COMPILER_APPICON_NAME = AppIcon;
				ASSETCATALOG_COMPILER_LAUNCHIMAGE_NAME = LaunchImage;
				INFOPLIST_FILE = Spacequest/Info.plist;
				LD_RUNPATH_SEARCH_PATHS = "$(inherited) @executable_path/Frameworks";
				PRODUCT_NAME = "$(TARGET_NAME)";
				TARGETED_DEVICE_FAMILY = 1;
			};
			name = Debug;
		};
		B5AA6068193FB48F00EB9920 /* Release */ = {
			isa = XCBuildConfiguration;
			buildSettings = {
				ASSETCATALOG_COMPILER_APPICON_NAME = AppIcon;
				ASSETCATALOG_COMPILER_LAUNCHIMAGE_NAME = LaunchImage;
				INFOPLIST_FILE = Spacequest/Info.plist;
				LD_RUNPATH_SEARCH_PATHS = "$(inherited) @executable_path/Frameworks";
				PRODUCT_NAME = "$(TARGET_NAME)";
				TARGETED_DEVICE_FAMILY = 1;
			};
			name = Release;
		};
		B5AA606A193FB48F00EB9920 /* Debug */ = {
			isa = XCBuildConfiguration;
			buildSettings = {
				BUNDLE_LOADER = "$(BUILT_PRODUCTS_DIR)/Spacequest.app/Spacequest";
				FRAMEWORK_SEARCH_PATHS = (
					"$(SDKROOT)/Developer/Library/Frameworks",
					"$(inherited)",
				);
				GCC_PREPROCESSOR_DEFINITIONS = (
					"DEBUG=1",
					"$(inherited)",
				);
				INFOPLIST_FILE = SpacequestTests/Info.plist;
				LD_RUNPATH_SEARCH_PATHS = "$(inherited) @executable_path/Frameworks @loader_path/Frameworks";
				METAL_ENABLE_DEBUG_INFO = YES;
				PRODUCT_NAME = "$(TARGET_NAME)";
				TEST_HOST = "$(BUNDLE_LOADER)";
			};
			name = Debug;
		};
		B5AA606B193FB48F00EB9920 /* Release */ = {
			isa = XCBuildConfiguration;
			buildSettings = {
				BUNDLE_LOADER = "$(BUILT_PRODUCTS_DIR)/Spacequest.app/Spacequest";
				FRAMEWORK_SEARCH_PATHS = (
					"$(SDKROOT)/Developer/Library/Frameworks",
					"$(inherited)",
				);
				INFOPLIST_FILE = SpacequestTests/Info.plist;
				LD_RUNPATH_SEARCH_PATHS = "$(inherited) @executable_path/Frameworks @loader_path/Frameworks";
				METAL_ENABLE_DEBUG_INFO = NO;
				PRODUCT_NAME = "$(TARGET_NAME)";
				TEST_HOST = "$(BUNDLE_LOADER)";
			};
			name = Release;
		};
/* End XCBuildConfiguration section */

/* Begin XCConfigurationList section */
		B5AA6041193FB48E00EB9920 /* Build configuration list for PBXProject "Spacequest" */ = {
			isa = XCConfigurationList;
			buildConfigurations = (
				B5AA6064193FB48F00EB9920 /* Debug */,
				B5AA6065193FB48F00EB9920 /* Release */,
			);
			defaultConfigurationIsVisible = 0;
			defaultConfigurationName = Release;
		};
		B5AA6066193FB48F00EB9920 /* Build configuration list for PBXNativeTarget "Spacequest" */ = {
			isa = XCConfigurationList;
			buildConfigurations = (
				B5AA6067193FB48F00EB9920 /* Debug */,
				B5AA6068193FB48F00EB9920 /* Release */,
			);
			defaultConfigurationIsVisible = 0;
			defaultConfigurationName = Release;
		};
		B5AA6069193FB48F00EB9920 /* Build configuration list for PBXNativeTarget "SpacequestTests" */ = {
			isa = XCConfigurationList;
			buildConfigurations = (
				B5AA606A193FB48F00EB9920 /* Debug */,
				B5AA606B193FB48F00EB9920 /* Release */,
			);
			defaultConfigurationIsVisible = 0;
			defaultConfigurationName = Release;
		};
/* End XCConfigurationList section */
	};
	rootObject = B5AA603E193FB48E00EB9920 /* Project object */;
}
